
Microsoft Visual Studio Solution File, Format Version 12.00
# Visual Studio 14
VisualStudioVersion = 14.0.25420.1
MinimumVisualStudioVersion = 10.0.40219.1
Project("{FAE04EC0-301F-11D3-BF4B-00C04F79EFBC}") = "ServiceAPI", "ServiceAPI\ServiceAPI.csproj", "{98D8805F-50DE-4DC7-BCAC-571DEA5D149D}"
EndProject
Project("{FAE04EC0-301F-11D3-BF4B-00C04F79EFBC}") = "ServiceAPI.Tests", "ServiceAPI.Tests\ServiceAPI.Tests.csproj", "{B5368660-3955-42F3-AAB7-ACB347697C54}"
EndProject
Global
	GlobalSection(SolutionConfigurationPlatforms) = preSolution
		Debug|Any CPU = Debug|Any CPU
		Release|Any CPU = Release|Any CPU
	EndGlobalSection
	GlobalSection(ProjectConfigurationPlatforms) = postSolution
		{98D8805F-50DE-4DC7-BCAC-571DEA5D149D}.Debug|Any CPU.ActiveCfg = Debug|Any CPU
		{98D8805F-50DE-4DC7-BCAC-571DEA5D149D}.Debug|Any CPU.Build.0 = Debug|Any CPU
		{98D8805F-50DE-4DC7-BCAC-571DEA5D149D}.Release|Any CPU.ActiveCfg = Release|Any CPU
		{98D8805F-50DE-4DC7-BCAC-571DEA5D149D}.Release|Any CPU.Build.0 = Release|Any CPU
		{B5368660-3955-42F3-AAB7-ACB347697C54}.Debug|Any CPU.ActiveCfg = Debug|Any CPU
		{B5368660-3955-42F3-AAB7-ACB347697C54}.Debug|Any CPU.Build.0 = Debug|Any CPU
		{B5368660-3955-42F3-AAB7-ACB347697C54}.Release|Any CPU.ActiveCfg = Release|Any CPU
		{B5368660-3955-42F3-AAB7-ACB347697C54}.Release|Any CPU.Build.0 = Release|Any CPU
	EndGlobalSection
	GlobalSection(SolutionProperties) = preSolution
		HideSolutionNode = FALSE
	EndGlobalSection
EndGlobal
